// !$*UTF8*$!
{
	archiveVersion = 1;
	classes = {
	};
	objectVersion = 46;
	objects = {

/* Begin PBXBuildFile section */
		50B97D411CC34C1600A6940B /* AppDelegate.swift in Sources */ = {isa = PBXBuildFile; fileRef = 50B97D401CC34C1600A6940B /* AppDelegate.swift */; };
		50B97D431CC34C1600A6940B /* ViewController.swift in Sources */ = {isa = PBXBuildFile; fileRef = 50B97D421CC34C1600A6940B /* ViewController.swift */; };
		50B97D461CC34C1600A6940B /* Main.storyboard in Resources */ = {isa = PBXBuildFile; fileRef = 50B97D441CC34C1600A6940B /* Main.storyboard */; };
		50B97D481CC34C1600A6940B /* Assets.xcassets in Resources */ = {isa = PBXBuildFile; fileRef = 50B97D471CC34C1600A6940B /* Assets.xcassets */; };
		50B97D4B1CC34C1600A6940B /* LaunchScreen.storyboard in Resources */ = {isa = PBXBuildFile; fileRef = 50B97D491CC34C1600A6940B /* LaunchScreen.storyboard */; };
		50B97D531CC34DAD00A6940B /* TableViewController.swift in Sources */ = {isa = PBXBuildFile; fileRef = 50B97D521CC34DAD00A6940B /* TableViewController.swift */; };
		50FBC91F1CC9A145009D0CF1 /* SettingsViewController.swift in Sources */ = {isa = PBXBuildFile; fileRef = 50FBC91E1CC9A145009D0CF1 /* SettingsViewController.swift */; };
/* End PBXBuildFile section */

/* Begin PBXFileReference section */
		50B97D3D1CC34C1600A6940B /* Assignment4.app */ = {isa = PBXFileReference; explicitFileType = wrapper.application; includeInIndex = 0; path = Assignment4.app; sourceTree = BUILT_PRODUCTS_DIR; };
		50B97D401CC34C1600A6940B /* AppDelegate.swift */ = {isa = PBXFileReference; lastKnownFileType = sourcecode.swift; path = AppDelegate.swift; sourceTree = "<group>"; };
		50B97D421CC34C1600A6940B /* ViewController.swift */ = {isa = PBXFileReference; lastKnownFileType = sourcecode.swift; path = ViewController.swift; sourceTree = "<group>"; };
		50B97D451CC34C1600A6940B /* Base */ = {isa = PBXFileReference; lastKnownFileType = file.storyboard; name = Base; path = Base.lproj/Main.storyboard; sourceTree = "<group>"; };
		50B97D471CC34C1600A6940B /* Assets.xcassets */ = {isa = PBXFileReference; lastKnownFileType = folder.assetcatalog; path = Assets.xcassets; sourceTree = "<group>"; };
		50B97D4A1CC34C1600A6940B /* Base */ = {isa = PBXFileReference; lastKnownFileType = file.storyboard; name = Base; path = Base.lproj/LaunchScreen.storyboard; sourceTree = "<group>"; };
		50B97D4C1CC34C1600A6940B /* Info.plist */ = {isa = PBXFileReference; lastKnownFileType = text.plist.xml; path = Info.plist; sourceTree = "<group>"; };
		50B97D521CC34DAD00A6940B /* TableViewController.swift */ = {isa = PBXFileReference; fileEncoding = 4; lastKnownFileType = sourcecode.swift; path = TableViewController.swift; sourceTree = "<group>"; };
		50FBC91E1CC9A145009D0CF1 /* SettingsViewController.swift */ = {isa = PBXFileReference; fileEncoding = 4; lastKnownFileType = sourcecode.swift; path = SettingsViewController.swift; sourceTree = "<group>"; };
/* End PBXFileReference section */

/* Begin PBXFrameworksBuildPhase section */
		50B97D3A1CC34C1600A6940B /* Frameworks */ = {
			isa = PBXFrameworksBuildPhase;
			buildActionMask = 2147483647;
			files = (
			);
			runOnlyForDeploymentPostprocessing = 0;
		};
/* End PBXFrameworksBuildPhase section */

/* Begin PBXGroup section */
		50B97D341CC34C1600A6940B = {
			isa = PBXGroup;
			children = (
				50B97D3F1CC34C1600A6940B /* Assignment4 */,
				50B97D3E1CC34C1600A6940B /* Products */,
			);
			sourceTree = "<group>";
		};
		50B97D3E1CC34C1600A6940B /* Products */ = {
			isa = PBXGroup;
			children = (
				50B97D3D1CC34C1600A6940B /* Assignment4.app */,
			);
			name = Products;
			sourceTree = "<group>";
		};
		50B97D3F1CC34C1600A6940B /* Assignment4 */ = {
			isa = PBXGroup;
			children = (
				50B97D401CC34C1600A6940B /* AppDelegate.swift */,
				50B97D421CC34C1600A6940B /* ViewController.swift */,
				50B97D441CC34C1600A6940B /* Main.storyboard */,
				50FBC91E1CC9A145009D0CF1 /* SettingsViewController.swift */,
				50B97D521CC34DAD00A6940B /* TableViewController.swift */,
				50B97D471CC34C1600A6940B /* Assets.xcassets */,
				50B97D491CC34C1600A6940B /* LaunchScreen.storyboard */,
				50B97D4C1CC34C1600A6940B /* Info.plist */,
			);
			path = Assignment4;
			sourceTree = "<group>";
		};
/* End PBXGroup section */

/* Begin PBXNativeTarget section */
		50B97D3C1CC34C1600A6940B /* Assignment4 */ = {
			isa = PBXNativeTarget;
			buildConfigurationList = 50B97D4F1CC34C1600A6940B /* Build configuration list for PBXNativeTarget "Assignment4" */;
			buildPhases = (
				50B97D391CC34C1600A6940B /* Sources */,
				50B97D3A1CC34C1600A6940B /* Frameworks */,
				50B97D3B1CC34C1600A6940B /* Resources */,
			);
			buildRules = (
			);
			dependencies = (
			);
			name = Assignment4;
			productName = Assignment4;
			productReference = 50B97D3D1CC34C1600A6940B /* Assignment4.app */;
			productType = "com.apple.product-type.application";
		};
/* End PBXNativeTarget section */

/* Begin PBXProject section */
		50B97D351CC34C1600A6940B /* Project object */ = {
			isa = PBXProject;
			attributes = {
				LastSwiftUpdateCheck = 0730;
				LastUpgradeCheck = 0730;
				ORGANIZATIONNAME = "Chapman University";
				TargetAttributes = {
					50B97D3C1CC34C1600A6940B = {
						CreatedOnToolsVersion = 7.3;
					};
				};
			};
			buildConfigurationList = 50B97D381CC34C1600A6940B /* Build configuration list for PBXProject "Assignment4" */;
			compatibilityVersion = "Xcode 3.2";
			developmentRegion = English;
			hasScannedForEncodings = 0;
			knownRegions = (
				en,
				Base,
			);
			mainGroup = 50B97D341CC34C1600A6940B;
			productRefGroup = 50B97D3E1CC34C1600A6940B /* Products */;
			projectDirPath = "";
			projectRoot = "";
			targets = (
				50B97D3C1CC34C1600A6940B /* Assignment4 */,
			);
		};
/* End PBXProject section */

/* Begin PBXResourcesBuildPhase section */
		50B97D3B1CC34C1600A6940B /* Resources */ = {
			isa = PBXResourcesBuildPhase;
			buildActionMask = 2147483647;
			files = (
				50B97D4B1CC34C1600A6940B /* LaunchScreen.storyboard in Resources */,
				50B97D481CC34C1600A6940B /* Assets.xcassets in Resources */,
				50B97D461CC34C1600A6940B /* Main.storyboard in Resources */,
			);
			runOnlyForDeploymentPostprocessing = 0;
		};
/* End PBXResourcesBuildPhase section */

/* Begin PBXSourcesBuildPhase section */
		50B97D391CC34C1600A6940B /* Sources */ = {
			isa = PBXSourcesBuildPhase;
			buildActionMask = 2147483647;
			files = (
				50B97D431CC34C1600A6940B /* ViewController.swift in Sources */,
				50B97D531CC34DAD00A6940B /* TableViewController.swift in Sources */,
				50B97D411CC34C1600A6940B /* AppDelegate.swift in Sources */,
				50FBC91F1CC9A145009D0CF1 /* SettingsViewController.swift in Sources */,
			);
			runOnlyForDeploymentPostprocessing = 0;
		};
/* End PBXSourcesBuildPhase section */

/* Begin PBXVariantGroup section */
		50B97D441CC34C1600A6940B /* Main.storyboard */ = {
			isa = PBXVariantGroup;
			children = (
				50B97D451CC34C1600A6940B /* Base */,
			);
			name = Main.storyboard;
			sourceTree = "<group>";
		};
		50B97D491CC34C1600A6940B /* LaunchScreen.storyboard */ = {
			isa = PBXVariantGroup;
			children = (
				50B97D4A1CC34C1600A6940B /* Base */,
			);
			name = LaunchScreen.storyboard;
			sourceTree = "<group>";
		};
/* End PBXVariantGroup section */

/* Begin XCBuildConfiguration section */
		50B97D4D1CC34C1600A6940B /* Debug */ = {
			isa = XCBuildConfiguration;
			buildSettings = {
				ALWAYS_SEARCH_USER_PATHS = NO;
				CLANG_ANALYZER_NONNULL = YES;
				CLANG_CXX_LANGUAGE_STANDARD = "gnu++0x";
				CLANG_CXX_LIBRARY = "libc++";
				CLANG_ENABLE_MODULES = YES;
				CLANG_ENABLE_OBJC_ARC = YES;
				CLANG_WARN_BOOL_CONVERSION = YES;
				CLANG_WARN_CONSTANT_CONVERSION = YES;
				CLANG_WARN_DIRECT_OBJC_ISA_USAGE = YES_ERROR;
				CLANG_WARN_EMPTY_BODY = YES;
				CLANG_WARN_ENUM_CONVERSION = YES;
				CLANG_WARN_INT_CONVERSION = YES;
				CLANG_WARN_OBJC_ROOT_CLASS = YES_ERROR;
				CLANG_WARN_UNREACHABLE_CODE = YES;
				CLANG_WARN__DUPLICATE_METHOD_MATCH = YES;
				"CODE_SIGN_IDENTITY[sdk=iphoneos*]" = "iPhone Developer";
				COPY_PHASE_STRIP = NO;
				DEBUG_INFORMATION_FORMAT = dwarf;
				ENABLE_STRICT_OBJC_MSGSEND = YES;
				ENABLE_TESTABILITY = YES;
				GCC_C_LANGUAGE_STANDARD = gnu99;
				GCC_DYNAMIC_NO_PIC = NO;
				GCC_NO_COMMON_BLOCKS = YES;
				GCC_OPTIMIZATION_LEVEL = 0;
				GCC_PREPROCESSOR_DEFINITIONS = (
					"DEBUG=1",
					"$(inherited)",
				);
				GCC_WARN_64_TO_32_BIT_CONVERSION = YES;
				GCC_WARN_ABOUT_RETURN_TYPE = YES_ERROR;
				GCC_WARN_UNDECLARED_SELECTOR = YES;
				GCC_WARN_UNINITIALIZED_AUTOS = YES_AGGRESSIVE;
				GCC_WARN_UNUSED_FUNCTION = YES;
				GCC_WARN_UNUSED_VARIABLE = YES;
				IPHONEOS_DEPLOYMENT_TARGET = 9.3;
				MTL_ENABLE_DEBUG_INFO = YES;
				ONLY_ACTIVE_ARCH = YES;
				SDKROOT = iphoneos;
				SWIFT_OPTIMIZATION_LEVEL = "-Onone";
				TARGETED_DEVICE_FAMILY = "1,2";
			};
			name = Debug;
		};
		50B97D4E1CC34C1600A6940B /* Release */ = {
			isa = XCBuildConfiguration;
			buildSettings = {
				ALWAYS_SEARCH_USER_PATHS = NO;
				CLANG_ANALYZER_NONNULL = YES;
				CLANG_CXX_LANGUAGE_STANDARD = "gnu++0x";
				CLANG_CXX_LIBRARY = "libc++";
				CLANG_ENABLE_MODULES = YES;
				CLANG_ENABLE_OBJC_ARC = YES;
				CLANG_WARN_BOOL_CONVERSION = YES;
				CLANG_WARN_CONSTANT_CONVERSION = YES;
				CLANG_WARN_DIRECT_OBJC_ISA_USAGE = YES_ERROR;
				CLANG_WARN_EMPTY_BODY = YES;
				CLANG_WARN_ENUM_CONVERSION = YES;
				CLANG_WARN_INT_CONVERSION = YES;
				CLANG_WARN_OBJC_ROOT_CLASS = YES_ERROR;
				CLANG_WARN_UNREACHABLE_CODE = YES;
				CLANG_WARN__DUPLICATE_METHOD_MATCH = YES;
				"CODE_SIGN_IDENTITY[sdk=iphoneos*]" = "iPhone Developer";
				COPY_PHASE_STRIP = NO;
				DEBUG_INFORMATION_FORMAT = "dwarf-with-dsym";
				ENABLE_NS_ASSERTIONS = NO;
				ENABLE_STRICT_OBJC_MSGSEND = YES;
				GCC_C_LANGUAGE_STANDARD = gnu99;
				GCC_NO_COMMON_BLOCKS = YES;
				GCC_WARN_64_TO_32_BIT_CONVERSION = YES;
				GCC_WARN_ABOUT_RETURN_TYPE = YES_ERROR;
				GCC_WARN_UNDECLARED_SELECTOR = YES;
				GCC_WARN_UNINITIALIZED_AUTOS = YES_AGGRESSIVE;
				GCC_WARN_UNUSED_FUNCTION = YES;
				GCC_WARN_UNUSED_VARIABLE = YES;
				IPHONEOS_DEPLOYMENT_TARGET = 9.3;
				MTL_ENABLE_DEBUG_INFO = NO;
				SDKROOT = iphoneos;
				TARGETED_DEVICE_FAMILY = "1,2";
				VALIDATE_PRODUCT = YES;
			};
			name = Release;
		};
		50B97D501CC34C1600A6940B /* Debug */ = {
			isa = XCBuildConfiguration;
			buildSettings = {
				ASSETCATALOG_COMPILER_APPICON_NAME = AppIcon;
				INFOPLIST_FILE = Assignment4/Info.plist;
				LD_RUNPATH_SEARCH_PATHS = "$(inherited) @executable_path/Frameworks";
				PRODUCT_BUNDLE_IDENTIFIER = edu.chapman.Assignment4;
				PRODUCT_NAME = "$(TARGET_NAME)";
			};
			name = Debug;
		};
		50B97D511CC34C1600A6940B /* Release */ = {
			isa = XCBuildConfiguration;
			buildSettings = {
				ASSETCATALOG_COMPILER_APPICON_NAME = AppIcon;
				INFOPLIST_FILE = Assignment4/Info.plist;
				LD_RUNPATH_SEARCH_PATHS = "$(inherited) @executable_path/Frameworks";
				PRODUCT_BUNDLE_IDENTIFIER = edu.chapman.Assignment4;
				PRODUCT_NAME = "$(TARGET_NAME)";
			};
			name = Release;
		};
/* End XCBuildConfiguration section */

/* Begin XCConfigurationList section */
		50B97D381CC34C1600A6940B /* Build configuration list for PBXProject "Assignment4" */ = {
			isa = XCConfigurationList;
			buildConfigurations = (
				50B97D4D1CC34C1600A6940B /* Debug */,
				50B97D4E1CC34C1600A6940B /* Release */,
			);
			defaultConfigurationIsVisible = 0;
			defaultConfigurationName = Release;
		};
		50B97D4F1CC34C1600A6940B /* Build configuration list for PBXNativeTarget "Assignment4" */ = {
			isa = XCConfigurationList;
			buildConfigurations = (
				50B97D501CC34C1600A6940B /* Debug */,
				50B97D511CC34C1600A6940B /* Release */,
			);
			defaultConfigurationIsVisible = 0;
			defaultConfigurationName = Release;
		};
/* End XCConfigurationList section */
	};
	rootObject = 50B97D351CC34C1600A6940B /* Project object */;
}
